<?xml version="1.0" encoding="utf-8"?>
<Project ToolsVersion="4.0" xmlns="http://schemas.microsoft.com/developer/msbuild/2003">
  <ItemGroup>
    <Filter Include="BlackThorn">
      <UniqueIdentifier>{6D1261AE-59CA-A2FB-C2D1-7B57AEA83DEC}</UniqueIdentifier>
    </Filter>
    <Filter Include="BlackThorn\Events">
      <UniqueIdentifier>{B121B69B-1D38-B431-66AF-3F53D20485B9}</UniqueIdentifier>
    </Filter>
    <Filter Include="BlackThorn\Network">
      <UniqueIdentifier>{E611B3A0-D2F5-73F6-3B56-6E4927595E78}</UniqueIdentifier>
    </Filter>
  </ItemGroup>
  <ItemGroup>
    <ClInclude Include="src\BlackThorn.h" />
    <ClInclude Include="src\BlackThorn\Application.h">
      <Filter>BlackThorn</Filter>
    </ClInclude>
    <ClInclude Include="src\BlackThorn\Core.h">
      <Filter>BlackThorn</Filter>
    </ClInclude>
    <ClInclude Include="src\BlackThorn\EntryPoint.h">
      <Filter>BlackThorn</Filter>
    </ClInclude>
    <ClInclude Include="src\BlackThorn\Events\ApplicationEvent.h">
      <Filter>BlackThorn\Events</Filter>
    </ClInclude>
    <ClInclude Include="src\BlackThorn\Events\Event.h">
      <Filter>BlackThorn\Events</Filter>
    </ClInclude>
    <ClInclude Include="src\BlackThorn\Events\KeyEvent.h">
      <Filter>BlackThorn\Events</Filter>
    </ClInclude>
    <ClInclude Include="src\BlackThorn\Events\MouseEvent.h">
      <Filter>BlackThorn\Events</Filter>
    </ClInclude>
    <ClInclude Include="src\BlackThorn\Log.h">
      <Filter>BlackThorn</Filter>
    </ClInclude>
    <ClInclude Include="src\BlackThorn\Network\Network.h">
      <Filter>BlackThorn\Network</Filter>
    </ClInclude>
    <ClInclude Include="src\BlackThorn\Network\Socket.h">
      <Filter>BlackThorn\Network</Filter>
    </ClInclude>
    <ClInclude Include="src\btpch.h" />
  </ItemGroup>
  <ItemGroup>
    <ClCompile Include="src\BlackThorn\Application.cpp">
      <Filter>BlackThorn</Filter>
    </ClCompile>
    <ClCompile Include="src\BlackThorn\Log.cpp">
      <Filter>BlackThorn</Filter>
    </ClCompile>
    <ClCompile Include="src\BlackThorn\Network\Network.cpp">
      <Filter>BlackThorn\Network</Filter>
    </ClCompile>
    <ClCompile Include="src\BlackThorn\Network\Socket.cpp">
      <Filter>BlackThorn\Network</Filter>
    </ClCompile>
    <ClCompile Include="src\btpch.cpp" />
  </ItemGroup>
</Project>